
Microsoft Visual Studio Solution File, Format Version 12.00
# Visual Studio Version 17
VisualStudioVersion = 17.2.32505.173
MinimumVisualStudioVersion = 10.0.40219.1
Project("{9A19103F-16F7-4668-BE54-9A1E7A4F7556}") = "ExcelConsoleApp", "ExcelConsoleApp\ExcelConsoleApp.csproj", "{4DE29AB1-806D-4D06-847F-B7962DB6B6A7}"
EndProject
Project("{9A19103F-16F7-4668-BE54-9A1E7A4F7556}") = "PracticeCode", "PracticeCode\PracticeCode.csproj", "{C99238E4-6283-45EF-8E46-AEF1BB067358}"
EndProject
Project("{9A19103F-16F7-4668-BE54-9A1E7A4F7556}") = "PDFConverter", "PDFConverter\PDFConverter.csproj", "{784E0A55-C9CE-4F35-9FE0-27C94CB7CAE8}"
EndProject
Project("{9A19103F-16F7-4668-BE54-9A1E7A4F7556}") = "Patterns", "Patterns\Patterns.csproj", "{4313E0C2-3841-469B-9EE2-E88A0DC37A00}"
EndProject
Project("{9A19103F-16F7-4668-BE54-9A1E7A4F7556}") = "ExpenseManagement", "ExpenseMnagement\ExpenseManagement.csproj", "{FA9646AF-BBBC-423D-A055-B4A1727446F8}"
EndProject
Project("{9A19103F-16F7-4668-BE54-9A1E7A4F7556}") = "ExpenseManagementUnitTest", "ExpenseManagementUnitTest\ExpenseManagementUnitTest.csproj", "{0B70CEA0-0424-49EA-9893-95C6B0DA8245}"
EndProject
Project("{9A19103F-16F7-4668-BE54-9A1E7A4F7556}") = "WaterManagement", "WaterManagement\WaterManagement.csproj", "{C56BD0DA-B5F7-4F20-BF22-809F496B9C36}"
EndProject
Project("{9A19103F-16F7-4668-BE54-9A1E7A4F7556}") = "WaterManagementUnitTest", "WaterManagementUnitTest\WaterManagementUnitTest.csproj", "{49343A58-1EB1-4C9A-9799-5FFAFEA01FD3}"
EndProject
Project("{9A19103F-16F7-4668-BE54-9A1E7A4F7556}") = "Portfolio", "Portfolio\Portfolio.csproj", "{A8B0FB55-7962-4916-B68E-AC060C889976}"
EndProject
Project("{9A19103F-16F7-4668-BE54-9A1E7A4F7556}") = "PortfolioUnitTest", "PortfolioUnitTest\PortfolioUnitTest.csproj", "{BF1C4A19-2063-4414-A69B-64F6AEA08E1B}"
EndProject
Project("{9A19103F-16F7-4668-BE54-9A1E7A4F7556}") = "Subscriptions", "Subscriptions\Subscriptions.csproj", "{5580F5FB-B1D1-47E8-B99B-0F313C02CDA7}"
EndProject
Project("{9A19103F-16F7-4668-BE54-9A1E7A4F7556}") = "SubscriptionsUnitTests", "SubscriptionsUnitTests\SubscriptionsUnitTests.csproj", "{948274A6-5DD0-4D08-A4D2-7B6BB5F7BDA0}"
EndProject
Project("{9A19103F-16F7-4668-BE54-9A1E7A4F7556}") = "TestRuns", "TestRuns\TestRuns.csproj", "{C688E573-02C0-405B-882F-D7CA2789055F}"
EndProject
Project("{9A19103F-16F7-4668-BE54-9A1E7A4F7556}") = "AuthExample", "AuthExample\AuthExample.csproj", "{13A83620-52D4-4722-BE31-AD2DD5A7E1E0}"
EndProject
Project("{9A19103F-16F7-4668-BE54-9A1E7A4F7556}") = "RandomCode", "RandomCode\RandomCode.csproj", "{F271FE20-C709-452B-8A82-E36506C97B61}"
EndProject
Global
	GlobalSection(SolutionConfigurationPlatforms) = preSolution
		Debug|Any CPU = Debug|Any CPU
		Release|Any CPU = Release|Any CPU
	EndGlobalSection
	GlobalSection(ProjectConfigurationPlatforms) = postSolution
		{4DE29AB1-806D-4D06-847F-B7962DB6B6A7}.Debug|Any CPU.ActiveCfg = Debug|Any CPU
		{4DE29AB1-806D-4D06-847F-B7962DB6B6A7}.Debug|Any CPU.Build.0 = Debug|Any CPU
		{4DE29AB1-806D-4D06-847F-B7962DB6B6A7}.Release|Any CPU.ActiveCfg = Release|Any CPU
		{4DE29AB1-806D-4D06-847F-B7962DB6B6A7}.Release|Any CPU.Build.0 = Release|Any CPU
		{C99238E4-6283-45EF-8E46-AEF1BB067358}.Debug|Any CPU.ActiveCfg = Debug|Any CPU
		{C99238E4-6283-45EF-8E46-AEF1BB067358}.Debug|Any CPU.Build.0 = Debug|Any CPU
		{C99238E4-6283-45EF-8E46-AEF1BB067358}.Release|Any CPU.ActiveCfg = Release|Any CPU
		{C99238E4-6283-45EF-8E46-AEF1BB067358}.Release|Any CPU.Build.0 = Release|Any CPU
		{784E0A55-C9CE-4F35-9FE0-27C94CB7CAE8}.Debug|Any CPU.ActiveCfg = Debug|Any CPU
		{784E0A55-C9CE-4F35-9FE0-27C94CB7CAE8}.Debug|Any CPU.Build.0 = Debug|Any CPU
		{784E0A55-C9CE-4F35-9FE0-27C94CB7CAE8}.Release|Any CPU.ActiveCfg = Release|Any CPU
		{784E0A55-C9CE-4F35-9FE0-27C94CB7CAE8}.Release|Any CPU.Build.0 = Release|Any CPU
		{4313E0C2-3841-469B-9EE2-E88A0DC37A00}.Debug|Any CPU.ActiveCfg = Debug|Any CPU
		{4313E0C2-3841-469B-9EE2-E88A0DC37A00}.Debug|Any CPU.Build.0 = Debug|Any CPU
		{4313E0C2-3841-469B-9EE2-E88A0DC37A00}.Release|Any CPU.ActiveCfg = Release|Any CPU
		{4313E0C2-3841-469B-9EE2-E88A0DC37A00}.Release|Any CPU.Build.0 = Release|Any CPU
		{FA9646AF-BBBC-423D-A055-B4A1727446F8}.Debug|Any CPU.ActiveCfg = Debug|Any CPU
		{FA9646AF-BBBC-423D-A055-B4A1727446F8}.Debug|Any CPU.Build.0 = Debug|Any CPU
		{FA9646AF-BBBC-423D-A055-B4A1727446F8}.Release|Any CPU.ActiveCfg = Release|Any CPU
		{FA9646AF-BBBC-423D-A055-B4A1727446F8}.Release|Any CPU.Build.0 = Release|Any CPU
		{0B70CEA0-0424-49EA-9893-95C6B0DA8245}.Debug|Any CPU.ActiveCfg = Debug|Any CPU
		{0B70CEA0-0424-49EA-9893-95C6B0DA8245}.Debug|Any CPU.Build.0 = Debug|Any CPU
		{0B70CEA0-0424-49EA-9893-95C6B0DA8245}.Release|Any CPU.ActiveCfg = Release|Any CPU
		{0B70CEA0-0424-49EA-9893-95C6B0DA8245}.Release|Any CPU.Build.0 = Release|Any CPU
		{C56BD0DA-B5F7-4F20-BF22-809F496B9C36}.Debug|Any CPU.ActiveCfg = Debug|Any CPU
		{C56BD0DA-B5F7-4F20-BF22-809F496B9C36}.Debug|Any CPU.Build.0 = Debug|Any CPU
		{C56BD0DA-B5F7-4F20-BF22-809F496B9C36}.Release|Any CPU.ActiveCfg = Release|Any CPU
		{C56BD0DA-B5F7-4F20-BF22-809F496B9C36}.Release|Any CPU.Build.0 = Release|Any CPU
		{49343A58-1EB1-4C9A-9799-5FFAFEA01FD3}.Debug|Any CPU.ActiveCfg = Debug|Any CPU
		{49343A58-1EB1-4C9A-9799-5FFAFEA01FD3}.Debug|Any CPU.Build.0 = Debug|Any CPU
		{49343A58-1EB1-4C9A-9799-5FFAFEA01FD3}.Release|Any CPU.ActiveCfg = Release|Any CPU
		{49343A58-1EB1-4C9A-9799-5FFAFEA01FD3}.Release|Any CPU.Build.0 = Release|Any CPU
		{A8B0FB55-7962-4916-B68E-AC060C889976}.Debug|Any CPU.ActiveCfg = Debug|Any CPU
		{A8B0FB55-7962-4916-B68E-AC060C889976}.Debug|Any CPU.Build.0 = Debug|Any CPU
		{A8B0FB55-7962-4916-B68E-AC060C889976}.Release|Any CPU.ActiveCfg = Release|Any CPU
		{A8B0FB55-7962-4916-B68E-AC060C889976}.Release|Any CPU.Build.0 = Release|Any CPU
		{BF1C4A19-2063-4414-A69B-64F6AEA08E1B}.Debug|Any CPU.ActiveCfg = Debug|Any CPU
		{BF1C4A19-2063-4414-A69B-64F6AEA08E1B}.Debug|Any CPU.Build.0 = Debug|Any CPU
		{BF1C4A19-2063-4414-A69B-64F6AEA08E1B}.Release|Any CPU.ActiveCfg = Release|Any CPU
		{BF1C4A19-2063-4414-A69B-64F6AEA08E1B}.Release|Any CPU.Build.0 = Release|Any CPU
		{5580F5FB-B1D1-47E8-B99B-0F313C02CDA7}.Debug|Any CPU.ActiveCfg = Debug|Any CPU
		{5580F5FB-B1D1-47E8-B99B-0F313C02CDA7}.Debug|Any CPU.Build.0 = Debug|Any CPU
		{5580F5FB-B1D1-47E8-B99B-0F313C02CDA7}.Release|Any CPU.ActiveCfg = Release|Any CPU
		{5580F5FB-B1D1-47E8-B99B-0F313C02CDA7}.Release|Any CPU.Build.0 = Release|Any CPU
		{948274A6-5DD0-4D08-A4D2-7B6BB5F7BDA0}.Debug|Any CPU.ActiveCfg = Debug|Any CPU
		{948274A6-5DD0-4D08-A4D2-7B6BB5F7BDA0}.Debug|Any CPU.Build.0 = Debug|Any CPU
		{948274A6-5DD0-4D08-A4D2-7B6BB5F7BDA0}.Release|Any CPU.ActiveCfg = Release|Any CPU
		{948274A6-5DD0-4D08-A4D2-7B6BB5F7BDA0}.Release|Any CPU.Build.0 = Release|Any CPU
		{C688E573-02C0-405B-882F-D7CA2789055F}.Debug|Any CPU.ActiveCfg = Debug|Any CPU
		{C688E573-02C0-405B-882F-D7CA2789055F}.Debug|Any CPU.Build.0 = Debug|Any CPU
		{C688E573-02C0-405B-882F-D7CA2789055F}.Release|Any CPU.ActiveCfg = Release|Any CPU
		{C688E573-02C0-405B-882F-D7CA2789055F}.Release|Any CPU.Build.0 = Release|Any CPU
		{13A83620-52D4-4722-BE31-AD2DD5A7E1E0}.Debug|Any CPU.ActiveCfg = Debug|Any CPU
		{13A83620-52D4-4722-BE31-AD2DD5A7E1E0}.Debug|Any CPU.Build.0 = Debug|Any CPU
		{13A83620-52D4-4722-BE31-AD2DD5A7E1E0}.Release|Any CPU.ActiveCfg = Release|Any CPU
		{13A83620-52D4-4722-BE31-AD2DD5A7E1E0}.Release|Any CPU.Build.0 = Release|Any CPU
		{F271FE20-C709-452B-8A82-E36506C97B61}.Debug|Any CPU.ActiveCfg = Debug|Any CPU
		{F271FE20-C709-452B-8A82-E36506C97B61}.Debug|Any CPU.Build.0 = Debug|Any CPU
		{F271FE20-C709-452B-8A82-E36506C97B61}.Release|Any CPU.ActiveCfg = Release|Any CPU
		{F271FE20-C709-452B-8A82-E36506C97B61}.Release|Any CPU.Build.0 = Release|Any CPU
	EndGlobalSection
	GlobalSection(SolutionProperties) = preSolution
		HideSolutionNode = FALSE
	EndGlobalSection
	GlobalSection(ExtensibilityGlobals) = postSolution
		SolutionGuid = {0187A0FD-2F08-4EA3-8928-F1B8C2C818DD}
	EndGlobalSection
EndGlobal
