
Microsoft Visual Studio Solution File, Format Version 12.00
# Visual Studio Version 16
VisualStudioVersion = 16.0.31112.23
MinimumVisualStudioVersion = 10.0.40219.1
Project("{9A19103F-16F7-4668-BE54-9A1E7A4F7556}") = "ExcelConsoleApp", "ExcelConsoleApp\ExcelConsoleApp.csproj", "{4DE29AB1-806D-4D06-847F-B7962DB6B6A7}"
EndProject
Project("{9A19103F-16F7-4668-BE54-9A1E7A4F7556}") = "PracticeCode", "PracticeCode\PracticeCode.csproj", "{C99238E4-6283-45EF-8E46-AEF1BB067358}"
EndProject
Project("{9A19103F-16F7-4668-BE54-9A1E7A4F7556}") = "PDFConverter", "PDFConverter\PDFConverter.csproj", "{784E0A55-C9CE-4F35-9FE0-27C94CB7CAE8}"
EndProject
Project("{FAE04EC0-301F-11D3-BF4B-00C04F79EFBC}") = "Patterns", "Patterns\Patterns.csproj", "{4313E0C2-3841-469B-9EE2-E88A0DC37A00}"
EndProject
Global
	GlobalSection(SolutionConfigurationPlatforms) = preSolution
		Debug|Any CPU = Debug|Any CPU
		Release|Any CPU = Release|Any CPU
	EndGlobalSection
	GlobalSection(ProjectConfigurationPlatforms) = postSolution
		{4DE29AB1-806D-4D06-847F-B7962DB6B6A7}.Debug|Any CPU.ActiveCfg = Debug|Any CPU
		{4DE29AB1-806D-4D06-847F-B7962DB6B6A7}.Debug|Any CPU.Build.0 = Debug|Any CPU
		{4DE29AB1-806D-4D06-847F-B7962DB6B6A7}.Release|Any CPU.ActiveCfg = Release|Any CPU
		{4DE29AB1-806D-4D06-847F-B7962DB6B6A7}.Release|Any CPU.Build.0 = Release|Any CPU
		{C99238E4-6283-45EF-8E46-AEF1BB067358}.Debug|Any CPU.ActiveCfg = Debug|Any CPU
		{C99238E4-6283-45EF-8E46-AEF1BB067358}.Debug|Any CPU.Build.0 = Debug|Any CPU
		{C99238E4-6283-45EF-8E46-AEF1BB067358}.Release|Any CPU.ActiveCfg = Release|Any CPU
		{C99238E4-6283-45EF-8E46-AEF1BB067358}.Release|Any CPU.Build.0 = Release|Any CPU
		{784E0A55-C9CE-4F35-9FE0-27C94CB7CAE8}.Debug|Any CPU.ActiveCfg = Debug|Any CPU
		{784E0A55-C9CE-4F35-9FE0-27C94CB7CAE8}.Debug|Any CPU.Build.0 = Debug|Any CPU
		{784E0A55-C9CE-4F35-9FE0-27C94CB7CAE8}.Release|Any CPU.ActiveCfg = Release|Any CPU
		{784E0A55-C9CE-4F35-9FE0-27C94CB7CAE8}.Release|Any CPU.Build.0 = Release|Any CPU
		{4313E0C2-3841-469B-9EE2-E88A0DC37A00}.Debug|Any CPU.ActiveCfg = Debug|Any CPU
		{4313E0C2-3841-469B-9EE2-E88A0DC37A00}.Debug|Any CPU.Build.0 = Debug|Any CPU
		{4313E0C2-3841-469B-9EE2-E88A0DC37A00}.Release|Any CPU.ActiveCfg = Release|Any CPU
		{4313E0C2-3841-469B-9EE2-E88A0DC37A00}.Release|Any CPU.Build.0 = Release|Any CPU
	EndGlobalSection
	GlobalSection(SolutionProperties) = preSolution
		HideSolutionNode = FALSE
	EndGlobalSection
	GlobalSection(ExtensibilityGlobals) = postSolution
		SolutionGuid = {0187A0FD-2F08-4EA3-8928-F1B8C2C818DD}
	EndGlobalSection
EndGlobal
